<?xml version="1.0" encoding="utf-8"?>
<Project ToolsVersion="4.0" xmlns="http://schemas.microsoft.com/developer/msbuild/2003">
  <ItemGroup>
    <Filter Include="Source Files">
      <UniqueIdentifier>{4FC737F1-C7A5-4376-A066-2A32D752A2FF}</UniqueIdentifier>
      <Extensions>cpp;c;cc;cxx;def;odl;idl;hpj;bat;asm;asmx</Extensions>
    </Filter>
    <Filter Include="Header Files">
      <UniqueIdentifier>{93995380-89BD-4b04-88EB-625FBE52EBFB}</UniqueIdentifier>
      <Extensions>h;hh;hpp;hxx;hm;inl;inc;xsd</Extensions>
    </Filter>
    <Filter Include="Resource Files">
      <UniqueIdentifier>{67DA6AB6-F800-4c08-8B7A-83BB121AAD01}</UniqueIdentifier>
      <Extensions>rc;ico;cur;bmp;dlg;rc2;rct;bin;rgs;gif;jpg;jpeg;jpe;resx;tiff;tif;png;wav;mfcribbon-ms</Extensions>
    </Filter>
    <Filter Include="Source Files\OpenGL">
      <UniqueIdentifier>{7fda8481-d7dd-4a62-a90b-96d3f03f423b}</UniqueIdentifier>
    </Filter>
  </ItemGroup>
  <ItemGroup>
    <ClCompile Include="main.cpp">
      <Filter>Source Files</Filter>
    </ClCompile>
    <ClCompile Include="Renderer.cpp">
      <Filter>Source Files</Filter>
    </ClCompile>
    <ClCompile Include="Material.cpp">
      <Filter>Source Files</Filter>
    </ClCompile>
    <ClCompile Include="Mesh.cpp">
      <Filter>Source Files</Filter>
    </ClCompile>
    <ClCompile Include="Camera.cpp">
      <Filter>Source Files</Filter>
    </ClCompile>
    <ClCompile Include="Transform.cpp">
      <Filter>Source Files</Filter>
    </ClCompile>
    <ClCompile Include="Texture2D.cpp">
      <Filter>Source Files</Filter>
    </ClCompile>
    <ClCompile Include="Technique.cpp">
      <Filter>Source Files</Filter>
    </ClCompile>
    <ClCompile Include="RenderState.cpp">
      <Filter>Source Files</Filter>
    </ClCompile>
    <ClCompile Include="VertexBuffer.cpp">
      <Filter>Source Files</Filter>
    </ClCompile>
    <ClCompile Include="Scene.cpp">
      <Filter>Source Files</Filter>
    </ClCompile>
    <ClCompile Include="ConstantBuffer.cpp">
      <Filter>Source Files</Filter>
    </ClCompile>
    <ClCompile Include="Sampler2D.cpp">
      <Filter>Source Files</Filter>
    </ClCompile>
    <ClCompile Include="OpenGL\ConstantBufferGL.cpp">
      <Filter>Source Files\OpenGL</Filter>
    </ClCompile>
    <ClCompile Include="OpenGL\MaterialGL.cpp">
      <Filter>Source Files\OpenGL</Filter>
    </ClCompile>
    <ClCompile Include="OpenGL\MeshGL.cpp">
      <Filter>Source Files\OpenGL</Filter>
    </ClCompile>
    <ClCompile Include="OpenGL\OpenGLRenderer.cpp">
      <Filter>Source Files\OpenGL</Filter>
    </ClCompile>
    <ClCompile Include="OpenGL\RenderStateGL.cpp">
      <Filter>Source Files\OpenGL</Filter>
    </ClCompile>
    <ClCompile Include="OpenGL\ResourceBindingGL.cpp">
      <Filter>Source Files\OpenGL</Filter>
    </ClCompile>
    <ClCompile Include="OpenGL\Sampler2DGL.cpp">
      <Filter>Source Files\OpenGL</Filter>
    </ClCompile>
    <ClCompile Include="OpenGL\Texture2DGL.cpp">
      <Filter>Source Files\OpenGL</Filter>
    </ClCompile>
    <ClCompile Include="OpenGL\TransformGL.cpp">
      <Filter>Source Files\OpenGL</Filter>
    </ClCompile>
    <ClCompile Include="OpenGL\VertexBufferGL.cpp">
      <Filter>Source Files\OpenGL</Filter>
    </ClCompile>
  </ItemGroup>
  <ItemGroup>
    <ClInclude Include="Renderer.h">
      <Filter>Header Files</Filter>
    </ClInclude>
    <ClInclude Include="Material.h">
      <Filter>Header Files</Filter>
    </ClInclude>
    <ClInclude Include="Mesh.h">
      <Filter>Header Files</Filter>
    </ClInclude>
    <ClInclude Include="Camera.h">
      <Filter>Header Files</Filter>
    </ClInclude>
    <ClInclude Include="Transform.h">
      <Filter>Header Files</Filter>
    </ClInclude>
    <ClInclude Include="Texture2D.h">
      <Filter>Header Files</Filter>
    </ClInclude>
    <ClInclude Include="Technique.h">
      <Filter>Header Files</Filter>
    </ClInclude>
    <ClInclude Include="RenderState.h">
      <Filter>Header Files</Filter>
    </ClInclude>
    <ClInclude Include="IA.h">
      <Filter>Source Files</Filter>
    </ClInclude>
    <ClInclude Include="VertexBuffer.h">
      <Filter>Header Files</Filter>
    </ClInclude>
    <ClInclude Include="Scene.h">
      <Filter>Header Files</Filter>
    </ClInclude>
    <ClInclude Include="ConstantBuffer.h">
      <Filter>Header Files</Filter>
    </ClInclude>
    <ClInclude Include="..\include\stb_image.h">
      <Filter>Header Files</Filter>
    </ClInclude>
    <ClInclude Include="Sampler2D.h">
      <Filter>Header Files</Filter>
    </ClInclude>
    <ClInclude Include="OpenGL\ConstantBufferGL.h">
      <Filter>Source Files\OpenGL</Filter>
    </ClInclude>
    <ClInclude Include="OpenGL\MaterialGL.h">
      <Filter>Source Files\OpenGL</Filter>
    </ClInclude>
    <ClInclude Include="OpenGL\MeshGL.h">
      <Filter>Source Files\OpenGL</Filter>
    </ClInclude>
    <ClInclude Include="OpenGL\OpenGLRenderer.h">
      <Filter>Source Files\OpenGL</Filter>
    </ClInclude>
    <ClInclude Include="OpenGL\RenderStateGL.h">
      <Filter>Source Files\OpenGL</Filter>
    </ClInclude>
    <ClInclude Include="OpenGL\ResourceBindingGL.h">
      <Filter>Source Files\OpenGL</Filter>
    </ClInclude>
    <ClInclude Include="OpenGL\Sampler2DGL.h">
      <Filter>Source Files\OpenGL</Filter>
    </ClInclude>
    <ClInclude Include="OpenGL\Texture2DGL.h">
      <Filter>Source Files\OpenGL</Filter>
    </ClInclude>
    <ClInclude Include="OpenGL\TransformGL.h">
      <Filter>Source Files\OpenGL</Filter>
    </ClInclude>
    <ClInclude Include="OpenGL\VertexBufferGL.h">
      <Filter>Source Files\OpenGL</Filter>
    </ClInclude>
  </ItemGroup>
  <ItemGroup>
    <None Include="..\assets\GL45\FragmentShader.glsl">
      <Filter>Resource Files</Filter>
    </None>
    <None Include="..\assets\GL45\VertexShader.glsl">
      <Filter>Resource Files</Filter>
    </None>
  </ItemGroup>
</Project>