<?xml version="1.0" encoding="utf-8"?>
<Project ToolsVersion="4.0" xmlns="http://schemas.microsoft.com/developer/msbuild/2003">
  <ItemGroup>
    <FxCompile Include="PixelShader.hlsl" />
    <FxCompile Include="VertexShader.hlsl" />
  </ItemGroup>
  <ItemGroup>
    <ClCompile Include="ConstantBuffer.cpp" />
    <ClCompile Include="D3D12ConstantBuffer.cpp" />
    <ClCompile Include="D3D12Mesh.cpp" />
    <ClCompile Include="D3D12Material.cpp" />
    <ClCompile Include="D3D12RenderState.cpp" />
    <ClCompile Include="D3D12Technique.cpp" />
    <ClCompile Include="D3D12Sampler2D.cpp" />
    <ClCompile Include="D3D12Renderer.cpp" />
    <ClCompile Include="D3D12Texture2D.cpp" />
    <ClCompile Include="D3D12VertexBuffer.cpp" />
    <ClCompile Include="Locator.cpp" />
    <ClCompile Include="OpenGL\ConstantBufferGL.cpp" />
    <ClCompile Include="OpenGL\MaterialGL.cpp" />
    <ClCompile Include="OpenGL\MeshGL.cpp" />
    <ClCompile Include="OpenGL\OpenGLRenderer.cpp" />
    <ClCompile Include="OpenGL\RenderStateGL.cpp" />
    <ClCompile Include="OpenGL\ResourceBindingGL.cpp" />
    <ClCompile Include="OpenGL\Sampler2DGL.cpp" />
    <ClCompile Include="OpenGL\Texture2DGL.cpp" />
    <ClCompile Include="OpenGL\TransformGL.cpp" />
    <ClCompile Include="OpenGL\VertexBufferGL.cpp" />
    <ClCompile Include="Sampler2D.cpp" />
    <ClCompile Include="Scene.cpp" />
    <ClCompile Include="D3D12Transform.cpp" />
    <ClCompile Include="VertexBuffer.cpp" />
    <ClCompile Include="Camera.cpp" />
    <ClCompile Include="main.cpp" />
    <ClCompile Include="Material.cpp" />
    <ClCompile Include="Mesh.cpp" />
    <ClCompile Include="RenderState.cpp" />
    <ClCompile Include="Renderer.cpp" />
    <ClCompile Include="Technique.cpp" />
    <ClCompile Include="Texture2D.cpp" />
    <ClCompile Include="Transform.cpp" />
  </ItemGroup>
  <ItemGroup>
    <ClInclude Include="..\include\stb_image.h" />
    <ClInclude Include="ConstantBuffer.h" />
    <ClInclude Include="D3D12ConstantBuffer.h" />
    <ClInclude Include="D3D12Mesh.h" />
    <ClInclude Include="D3D12Material.h" />
    <ClInclude Include="D3D12RenderState.h" />
    <ClInclude Include="D3D12Technique.h" />
    <ClInclude Include="D3D12Sampler2D.h" />
    <ClInclude Include="D3D12Renderer.h" />
    <ClInclude Include="D3D12Texture2D.h" />
    <ClInclude Include="D3D12Transform.h" />
    <ClInclude Include="D3D12VertexBuffer.h" />
    <ClInclude Include="Locator.h" />
    <ClInclude Include="OpenGL\ConstantBufferGL.h" />
    <ClInclude Include="OpenGL\MaterialGL.h" />
    <ClInclude Include="OpenGL\MeshGL.h" />
    <ClInclude Include="OpenGL\OpenGLRenderer.h" />
    <ClInclude Include="OpenGL\RenderStateGL.h" />
    <ClInclude Include="OpenGL\ResourceBindingGL.h" />
    <ClInclude Include="OpenGL\Sampler2DGL.h" />
    <ClInclude Include="OpenGL\Texture2DGL.h" />
    <ClInclude Include="OpenGL\TransformGL.h" />
    <ClInclude Include="OpenGL\VertexBufferGL.h" />
    <ClInclude Include="Sampler2D.h" />
    <ClInclude Include="Scene.h" />
    <ClInclude Include="VertexBuffer.h" />
    <ClInclude Include="Camera.h" />
    <ClInclude Include="IA.h" />
    <ClInclude Include="Material.h" />
    <ClInclude Include="Mesh.h" />
    <ClInclude Include="RenderState.h" />
    <ClInclude Include="Renderer.h" />
    <ClInclude Include="Technique.h" />
    <ClInclude Include="Texture2D.h" />
    <ClInclude Include="Transform.h" />
    <ClInclude Include="d3dx12.h" />
  </ItemGroup>
  <ItemGroup>
    <None Include="..\assets\GL45\FragmentShader.glsl" />
    <None Include="..\assets\GL45\VertexShader.glsl" />
  </ItemGroup>
  <ItemGroup>
    <Text Include="HowToCommandListsAndBundles.txt" />
  </ItemGroup>
</Project>